# This file is automatically @generated by Cargo.
# It is not intended for manual editing.
version = 4

[[package]]
name = "rust-brain-teasers"
version = "0.1.0"

[[package]]
name = "standard_input"
version = "0.1.0"

[[package]]
name = "three_and_a_bit"
version = "0.1.0"

[[package]]
name = "type_conversion"
version = "0.1.0"
